// !$*UTF8*$!
{
	archiveVersion = 1;
	classes = {
	};
	objectVersion = 46;
	objects = {

/* Begin PBXBuildFile section */
		29D25FB21F020ACF004BA11E /* AppDelegate.swift in Sources */ = {isa = PBXBuildFile; fileRef = 29D25FB11F020ACF004BA11E /* AppDelegate.swift */; };
		29D25FB41F020ACF004BA11E /* MemeEditorViewController.swift in Sources */ = {isa = PBXBuildFile; fileRef = 29D25FB31F020ACF004BA11E /* MemeEditorViewController.swift */; };
		29D25FB71F020ACF004BA11E /* Main.storyboard in Resources */ = {isa = PBXBuildFile; fileRef = 29D25FB51F020ACF004BA11E /* Main.storyboard */; };
		29D25FB91F020ACF004BA11E /* Assets.xcassets in Resources */ = {isa = PBXBuildFile; fileRef = 29D25FB81F020ACF004BA11E /* Assets.xcassets */; };
		29D25FBC1F020ACF004BA11E /* LaunchScreen.storyboard in Resources */ = {isa = PBXBuildFile; fileRef = 29D25FBA1F020ACF004BA11E /* LaunchScreen.storyboard */; };
		29D25FC41F076EC7004BA11E /* TextFieldDelegate.swift in Sources */ = {isa = PBXBuildFile; fileRef = 29D25FC31F076EC7004BA11E /* TextFieldDelegate.swift */; };
		29D25FC61F081A3A004BA11E /* MemeModel.swift in Sources */ = {isa = PBXBuildFile; fileRef = 29D25FC51F081A3A004BA11E /* MemeModel.swift */; };
/* End PBXBuildFile section */

/* Begin PBXFileReference section */
		29D25FAE1F020ACF004BA11E /* MemeMeV1.app */ = {isa = PBXFileReference; explicitFileType = wrapper.application; includeInIndex = 0; path = MemeMeV1.app; sourceTree = BUILT_PRODUCTS_DIR; };
		29D25FB11F020ACF004BA11E /* AppDelegate.swift */ = {isa = PBXFileReference; lastKnownFileType = sourcecode.swift; path = AppDelegate.swift; sourceTree = "<group>"; };
		29D25FB31F020ACF004BA11E /* MemeEditorViewController.swift */ = {isa = PBXFileReference; lastKnownFileType = sourcecode.swift; path = MemeEditorViewController.swift; sourceTree = "<group>"; };
		29D25FB61F020ACF004BA11E /* Base */ = {isa = PBXFileReference; lastKnownFileType = file.storyboard; name = Base; path = Base.lproj/Main.storyboard; sourceTree = "<group>"; };
		29D25FB81F020ACF004BA11E /* Assets.xcassets */ = {isa = PBXFileReference; lastKnownFileType = folder.assetcatalog; path = Assets.xcassets; sourceTree = "<group>"; };
		29D25FBB1F020ACF004BA11E /* Base */ = {isa = PBXFileReference; lastKnownFileType = file.storyboard; name = Base; path = Base.lproj/LaunchScreen.storyboard; sourceTree = "<group>"; };
		29D25FBD1F020ACF004BA11E /* Info.plist */ = {isa = PBXFileReference; lastKnownFileType = text.plist.xml; path = Info.plist; sourceTree = "<group>"; };
		29D25FC31F076EC7004BA11E /* TextFieldDelegate.swift */ = {isa = PBXFileReference; fileEncoding = 4; lastKnownFileType = sourcecode.swift; path = TextFieldDelegate.swift; sourceTree = "<group>"; };
		29D25FC51F081A3A004BA11E /* MemeModel.swift */ = {isa = PBXFileReference; fileEncoding = 4; lastKnownFileType = sourcecode.swift; path = MemeModel.swift; sourceTree = "<group>"; };
/* End PBXFileReference section */

/* Begin PBXFrameworksBuildPhase section */
		29D25FAB1F020ACF004BA11E /* Frameworks */ = {
			isa = PBXFrameworksBuildPhase;
			buildActionMask = 2147483647;
			files = (
			);
			runOnlyForDeploymentPostprocessing = 0;
		};
/* End PBXFrameworksBuildPhase section */

/* Begin PBXGroup section */
		29D25FA51F020ACF004BA11E = {
			isa = PBXGroup;
			children = (
				29D25FB01F020ACF004BA11E /* MemeMeV1 */,
				29D25FAF1F020ACF004BA11E /* Products */,
			);
			sourceTree = "<group>";
		};
		29D25FAF1F020ACF004BA11E /* Products */ = {
			isa = PBXGroup;
			children = (
				29D25FAE1F020ACF004BA11E /* MemeMeV1.app */,
			);
			name = Products;
			sourceTree = "<group>";
		};
		29D25FB01F020ACF004BA11E /* MemeMeV1 */ = {
			isa = PBXGroup;
			children = (
				29D25FB11F020ACF004BA11E /* AppDelegate.swift */,
				29D25FB31F020ACF004BA11E /* MemeEditorViewController.swift */,
				29D25FC31F076EC7004BA11E /* TextFieldDelegate.swift */,
				29D25FC51F081A3A004BA11E /* MemeModel.swift */,
				29D25FB51F020ACF004BA11E /* Main.storyboard */,
				29D25FB81F020ACF004BA11E /* Assets.xcassets */,
				29D25FBA1F020ACF004BA11E /* LaunchScreen.storyboard */,
				29D25FBD1F020ACF004BA11E /* Info.plist */,
			);
			path = MemeMeV1;
			sourceTree = "<group>";
		};
/* End PBXGroup section */

/* Begin PBXNativeTarget section */
		29D25FAD1F020ACF004BA11E /* MemeMeV1 */ = {
			isa = PBXNativeTarget;
			buildConfigurationList = 29D25FC01F020ACF004BA11E /* Build configuration list for PBXNativeTarget "MemeMeV1" */;
			buildPhases = (
				29D25FAA1F020ACF004BA11E /* Sources */,
				29D25FAB1F020ACF004BA11E /* Frameworks */,
				29D25FAC1F020ACF004BA11E /* Resources */,
			);
			buildRules = (
			);
			dependencies = (
			);
			name = MemeMeV1;
			productName = MemeMeV1;
			productReference = 29D25FAE1F020ACF004BA11E /* MemeMeV1.app */;
			productType = "com.apple.product-type.application";
		};
/* End PBXNativeTarget section */

/* Begin PBXProject section */
		29D25FA61F020ACF004BA11E /* Project object */ = {
			isa = PBXProject;
			attributes = {
				LastSwiftUpdateCheck = 0830;
				LastUpgradeCheck = 0830;
				ORGANIZATIONNAME = "Yu-Jen Chang";
				TargetAttributes = {
					29D25FAD1F020ACF004BA11E = {
						CreatedOnToolsVersion = 8.3.3;
						DevelopmentTeam = 4P6C7Q8A3P;
						ProvisioningStyle = Automatic;
					};
				};
			};
			buildConfigurationList = 29D25FA91F020ACF004BA11E /* Build configuration list for PBXProject "MemeMeV1" */;
			compatibilityVersion = "Xcode 3.2";
			developmentRegion = English;
			hasScannedForEncodings = 0;
			knownRegions = (
				en,
				Base,
			);
			mainGroup = 29D25FA51F020ACF004BA11E;
			productRefGroup = 29D25FAF1F020ACF004BA11E /* Products */;
			projectDirPath = "";
			projectRoot = "";
			targets = (
				29D25FAD1F020ACF004BA11E /* MemeMeV1 */,
			);
		};
/* End PBXProject section */

/* Begin PBXResourcesBuildPhase section */
		29D25FAC1F020ACF004BA11E /* Resources */ = {
			isa = PBXResourcesBuildPhase;
			buildActionMask = 2147483647;
			files = (
				29D25FBC1F020ACF004BA11E /* LaunchScreen.storyboard in Resources */,
				29D25FB91F020ACF004BA11E /* Assets.xcassets in Resources */,
				29D25FB71F020ACF004BA11E /* Main.storyboard in Resources */,
			);
			runOnlyForDeploymentPostprocessing = 0;
		};
/* End PBXResourcesBuildPhase section */

/* Begin PBXSourcesBuildPhase section */
		29D25FAA1F020ACF004BA11E /* Sources */ = {
			isa = PBXSourcesBuildPhase;
			buildActionMask = 2147483647;
			files = (
				29D25FB41F020ACF004BA11E /* MemeEditorViewController.swift in Sources */,
				29D25FC41F076EC7004BA11E /* TextFieldDelegate.swift in Sources */,
				29D25FB21F020ACF004BA11E /* AppDelegate.swift in Sources */,
				29D25FC61F081A3A004BA11E /* MemeModel.swift in Sources */,
			);
			runOnlyForDeploymentPostprocessing = 0;
		};
/* End PBXSourcesBuildPhase section */

/* Begin PBXVariantGroup section */
		29D25FB51F020ACF004BA11E /* Main.storyboard */ = {
			isa = PBXVariantGroup;
			children = (
				29D25FB61F020ACF004BA11E /* Base */,
			);
			name = Main.storyboard;
			sourceTree = "<group>";
		};
		29D25FBA1F020ACF004BA11E /* LaunchScreen.storyboard */ = {
			isa = PBXVariantGroup;
			children = (
				29D25FBB1F020ACF004BA11E /* Base */,
			);
			name = LaunchScreen.storyboard;
			sourceTree = "<group>";
		};
/* End PBXVariantGroup section */

/* Begin XCBuildConfiguration section */
		29D25FBE1F020ACF004BA11E /* Debug */ = {
			isa = XCBuildConfiguration;
			buildSettings = {
				ALWAYS_SEARCH_USER_PATHS = NO;
				CLANG_ANALYZER_NONNULL = YES;
				CLANG_ANALYZER_NUMBER_OBJECT_CONVERSION = YES_AGGRESSIVE;
				CLANG_CXX_LANGUAGE_STANDARD = "gnu++0x";
				CLANG_CXX_LIBRARY = "libc++";
				CLANG_ENABLE_MODULES = YES;
				CLANG_ENABLE_OBJC_ARC = YES;
				CLANG_WARN_BOOL_CONVERSION = YES;
				CLANG_WARN_CONSTANT_CONVERSION = YES;
				CLANG_WARN_DIRECT_OBJC_ISA_USAGE = YES_ERROR;
				CLANG_WARN_DOCUMENTATION_COMMENTS = YES;
				CLANG_WARN_EMPTY_BODY = YES;
				CLANG_WARN_ENUM_CONVERSION = YES;
				CLANG_WARN_INFINITE_RECURSION = YES;
				CLANG_WARN_INT_CONVERSION = YES;
				CLANG_WARN_OBJC_ROOT_CLASS = YES_ERROR;
				CLANG_WARN_SUSPICIOUS_MOVE = YES;
				CLANG_WARN_UNREACHABLE_CODE = YES;
				CLANG_WARN__DUPLICATE_METHOD_MATCH = YES;
				"CODE_SIGN_IDENTITY[sdk=iphoneos*]" = "iPhone Developer";
				COPY_PHASE_STRIP = NO;
				DEBUG_INFORMATION_FORMAT = dwarf;
				ENABLE_STRICT_OBJC_MSGSEND = YES;
				ENABLE_TESTABILITY = YES;
				GCC_C_LANGUAGE_STANDARD = gnu99;
				GCC_DYNAMIC_NO_PIC = NO;
				GCC_NO_COMMON_BLOCKS = YES;
				GCC_OPTIMIZATION_LEVEL = 0;
				GCC_PREPROCESSOR_DEFINITIONS = (
					"DEBUG=1",
					"$(inherited)",
				);
				GCC_WARN_64_TO_32_BIT_CONVERSION = YES;
				GCC_WARN_ABOUT_RETURN_TYPE = YES_ERROR;
				GCC_WARN_UNDECLARED_SELECTOR = YES;
				GCC_WARN_UNINITIALIZED_AUTOS = YES_AGGRESSIVE;
				GCC_WARN_UNUSED_FUNCTION = YES;
				GCC_WARN_UNUSED_VARIABLE = YES;
				IPHONEOS_DEPLOYMENT_TARGET = 10.3;
				MTL_ENABLE_DEBUG_INFO = YES;
				ONLY_ACTIVE_ARCH = YES;
				SDKROOT = iphoneos;
				SWIFT_ACTIVE_COMPILATION_CONDITIONS = DEBUG;
				SWIFT_OPTIMIZATION_LEVEL = "-Onone";
				TARGETED_DEVICE_FAMILY = "1,2";
			};
			name = Debug;
		};
		29D25FBF1F020ACF004BA11E /* Release */ = {
			isa = XCBuildConfiguration;
			buildSettings = {
				ALWAYS_SEARCH_USER_PATHS = NO;
				CLANG_ANALYZER_NONNULL = YES;
				CLANG_ANALYZER_NUMBER_OBJECT_CONVERSION = YES_AGGRESSIVE;
				CLANG_CXX_LANGUAGE_STANDARD = "gnu++0x";
				CLANG_CXX_LIBRARY = "libc++";
				CLANG_ENABLE_MODULES = YES;
				CLANG_ENABLE_OBJC_ARC = YES;
				CLANG_WARN_BOOL_CONVERSION = YES;
				CLANG_WARN_CONSTANT_CONVERSION = YES;
				CLANG_WARN_DIRECT_OBJC_ISA_USAGE = YES_ERROR;
				CLANG_WARN_DOCUMENTATION_COMMENTS = YES;
				CLANG_WARN_EMPTY_BODY = YES;
				CLANG_WARN_ENUM_CONVERSION = YES;
				CLANG_WARN_INFINITE_RECURSION = YES;
				CLANG_WARN_INT_CONVERSION = YES;
				CLANG_WARN_OBJC_ROOT_CLASS = YES_ERROR;
				CLANG_WARN_SUSPICIOUS_MOVE = YES;
				CLANG_WARN_UNREACHABLE_CODE = YES;
				CLANG_WARN__DUPLICATE_METHOD_MATCH = YES;
				"CODE_SIGN_IDENTITY[sdk=iphoneos*]" = "iPhone Developer";
				COPY_PHASE_STRIP = NO;
				DEBUG_INFORMATION_FORMAT = "dwarf-with-dsym";
				ENABLE_NS_ASSERTIONS = NO;
				ENABLE_STRICT_OBJC_MSGSEND = YES;
				GCC_C_LANGUAGE_STANDARD = gnu99;
				GCC_NO_COMMON_BLOCKS = YES;
				GCC_WARN_64_TO_32_BIT_CONVERSION = YES;
				GCC_WARN_ABOUT_RETURN_TYPE = YES_ERROR;
				GCC_WARN_UNDECLARED_SELECTOR = YES;
				GCC_WARN_UNINITIALIZED_AUTOS = YES_AGGRESSIVE;
				GCC_WARN_UNUSED_FUNCTION = YES;
				GCC_WARN_UNUSED_VARIABLE = YES;
				IPHONEOS_DEPLOYMENT_TARGET = 10.3;
				MTL_ENABLE_DEBUG_INFO = NO;
				SDKROOT = iphoneos;
				SWIFT_OPTIMIZATION_LEVEL = "-Owholemodule";
				TARGETED_DEVICE_FAMILY = "1,2";
				VALIDATE_PRODUCT = YES;
			};
			name = Release;
		};
		29D25FC11F020ACF004BA11E /* Debug */ = {
			isa = XCBuildConfiguration;
			buildSettings = {
				ASSETCATALOG_COMPILER_APPICON_NAME = AppIcon;
				DEVELOPMENT_TEAM = 4P6C7Q8A3P;
				INFOPLIST_FILE = MemeMeV1/Info.plist;
				LD_RUNPATH_SEARCH_PATHS = "$(inherited) @executable_path/Frameworks";
				PRODUCT_BUNDLE_IDENTIFIER = com.yujen.MemeMeV1;
				PRODUCT_NAME = "$(TARGET_NAME)";
				SWIFT_VERSION = 3.0;
			};
			name = Debug;
		};
		29D25FC21F020ACF004BA11E /* Release */ = {
			isa = XCBuildConfiguration;
			buildSettings = {
				ASSETCATALOG_COMPILER_APPICON_NAME = AppIcon;
				DEVELOPMENT_TEAM = 4P6C7Q8A3P;
				INFOPLIST_FILE = MemeMeV1/Info.plist;
				LD_RUNPATH_SEARCH_PATHS = "$(inherited) @executable_path/Frameworks";
				PRODUCT_BUNDLE_IDENTIFIER = com.yujen.MemeMeV1;
				PRODUCT_NAME = "$(TARGET_NAME)";
				SWIFT_VERSION = 3.0;
			};
			name = Release;
		};
/* End XCBuildConfiguration section */

/* Begin XCConfigurationList section */
		29D25FA91F020ACF004BA11E /* Build configuration list for PBXProject "MemeMeV1" */ = {
			isa = XCConfigurationList;
			buildConfigurations = (
				29D25FBE1F020ACF004BA11E /* Debug */,
				29D25FBF1F020ACF004BA11E /* Release */,
			);
			defaultConfigurationIsVisible = 0;
			defaultConfigurationName = Release;
		};
		29D25FC01F020ACF004BA11E /* Build configuration list for PBXNativeTarget "MemeMeV1" */ = {
			isa = XCConfigurationList;
			buildConfigurations = (
				29D25FC11F020ACF004BA11E /* Debug */,
				29D25FC21F020ACF004BA11E /* Release */,
			);
			defaultConfigurationIsVisible = 0;
			defaultConfigurationName = Release;
		};
/* End XCConfigurationList section */
	};
	rootObject = 29D25FA61F020ACF004BA11E /* Project object */;
}
